
Microsoft Visual Studio Solution File, Format Version 12.00
# Visual Studio 15
VisualStudioVersion = 15.0.27130.2010
MinimumVisualStudioVersion = 10.0.40219.1
Project("{2150E333-8FDC-42A3-9474-1A3956D46DE8}") = "KFPlugin", "KFPlugin", "{1D179A75-BB71-4548-95D7-D5FF5A9C3AD9}"
EndProject
Project("{2150E333-8FDC-42A3-9474-1A3956D46DE8}") = "KFPlayer", "KFPlayer", "{D087F76E-E4AE-48E3-A57D-718F5E59B4C0}"
EndProject
Project("{2150E333-8FDC-42A3-9474-1A3956D46DE8}") = "KFBattle", "KFBattle", "{687B1417-5063-43F8-B4D1-6E8C66531121}"
EndProject
Project("{8BC9CEB8-8B4A-11D0-8D11-00A0C91BC942}") = "KFHero", "KFPlugin\KFHero\KFHero.vcxproj", "{0F0E932C-DEEE-43FC-8A0E-CD7A58857D92}"
EndProject
Project("{8BC9CEB8-8B4A-11D0-8D11-00A0C91BC942}") = "KFMatchClient", "KFPlugin\KFMatchClient\KFMatchClient.vcxproj", "{E05617F0-FAFA-43C6-8646-BC30E40CD761}"
EndProject
Project("{8BC9CEB8-8B4A-11D0-8D11-00A0C91BC942}") = "KFMatchShard", "KFPlugin\KFMatchShard\KFMatchShard.vcxproj", "{FC854FE6-6CD1-4BFC-B22F-D2A742FD971C}"
EndProject
Project("{8BC9CEB8-8B4A-11D0-8D11-00A0C91BC942}") = "KFRoomClient", "KFPlugin\KFRoomClient\KFRoomClient.vcxproj", "{68295A3A-BDA3-4B84-BC14-74977AC113FA}"
EndProject
Project("{8BC9CEB8-8B4A-11D0-8D11-00A0C91BC942}") = "KFRoomShard", "KFPlugin\KFRoomShard\KFRoomShard.vcxproj", "{AFAB1443-A0C2-4D82-A89F-283BE46250D1}"
EndProject
Project("{8BC9CEB8-8B4A-11D0-8D11-00A0C91BC942}") = "KFItem", "KFPlugin\KFItem\KFItem.vcxproj", "{27798987-9582-48D2-A38C-250ED24378EC}"
EndProject
Project("{2150E333-8FDC-42A3-9474-1A3956D46DE8}") = "KFHero", "KFHero", "{369F076C-A3FF-43A9-88FA-836EEE83512E}"
EndProject
Project("{8BC9CEB8-8B4A-11D0-8D11-00A0C91BC942}") = "KFRecruit", "KFPlugin\KFRecruit\KFRecruit.vcxproj", "{EA8AD812-7B38-480B-BED2-7F4BF9CDE286}"
EndProject
Project("{2150E333-8FDC-42A3-9474-1A3956D46DE8}") = "KFContrib", "KFContrib", "{69DECD69-D297-477B-95D8-65F981CC0157}"
EndProject
Project("{8BC9CEB8-8B4A-11D0-8D11-00A0C91BC942}") = "KFZConfig", "KFContrib\KFZConfig\KFZConfig.vcxproj", "{F45E974D-4858-4C72-AACD-E2FDEACC01C5}"
EndProject
Project("{8BC9CEB8-8B4A-11D0-8D11-00A0C91BC942}") = "KFGenerate", "KFPlugin\KFGenerate\KFGenerate.vcxproj", "{A730E86A-55F3-47FD-9378-7C795795DB85}"
EndProject
Project("{2150E333-8FDC-42A3-9474-1A3956D46DE8}") = "KFItem", "KFItem", "{540E6D3C-EA49-42E8-94BB-DA4BDA96FB03}"
EndProject
Project("{8BC9CEB8-8B4A-11D0-8D11-00A0C91BC942}") = "KFClinic", "KFPlugin\KFClinic\KFClinic.vcxproj", "{B94129B4-FBD7-45FF-BAB8-B9058D37B017}"
EndProject
Project("{2150E333-8FDC-42A3-9474-1A3956D46DE8}") = "KFRealm", "KFRealm", "{709A66F3-D2B6-4361-9542-14919C2F5CFF}"
EndProject
Project("{2150E333-8FDC-42A3-9474-1A3956D46DE8}") = "KFRecord", "KFRecord", "{D0A98A1A-59B1-48F1-9C77-C3B5BEE8A68B}"
EndProject
Project("{2150E333-8FDC-42A3-9474-1A3956D46DE8}") = "KFBuild", "KFBuild", "{D7F1C532-4991-4C48-9F02-43A50CB485F9}"
EndProject
Project("{8BC9CEB8-8B4A-11D0-8D11-00A0C91BC942}") = "KFChapter", "KFPlugin\KFChapter\KFChapter.vcxproj", "{F8642493-0D58-48CA-BECD-36C6D74C6804}"
EndProject
Project("{8BC9CEB8-8B4A-11D0-8D11-00A0C91BC942}") = "KFRecordClient", "KFPlugin\KFRecordClient\KFRecordClient.vcxproj", "{5C562191-78B6-4839-887B-D84EFD0D0C09}"
EndProject
Project("{8BC9CEB8-8B4A-11D0-8D11-00A0C91BC942}") = "KFRecordShard", "KFPlugin\KFRecordShard\KFRecordShard.vcxproj", "{EB04B7C5-726C-4A31-BE23-8DCEB9948FC4}"
EndProject
Project("{8BC9CEB8-8B4A-11D0-8D11-00A0C91BC942}") = "KFChancel", "KFPlugin\KFChancel\KFChancel.vcxproj", "{882AA78A-F288-4F6F-9F14-F5FF31684C60}"
EndProject
Project("{8BC9CEB8-8B4A-11D0-8D11-00A0C91BC942}") = "KFGranary", "KFPlugin\KFGranary\KFGranary.vcxproj", "{C782FA3D-9E2E-4EFC-B950-FDE25B4E7B61}"
EndProject
Project("{8BC9CEB8-8B4A-11D0-8D11-00A0C91BC942}") = "KFRole", "KFPlugin\KFRole\KFRole.vcxproj", "{2CC0C2FE-0094-4C5E-BAE0-456BB95D8C34}"
EndProject
Project("{8BC9CEB8-8B4A-11D0-8D11-00A0C91BC942}") = "KFTask", "KFPlugin\KFTask\KFTask.vcxproj", "{09A95B0B-192E-4D62-B10E-1381740339AA}"
EndProject
Project("{8BC9CEB8-8B4A-11D0-8D11-00A0C91BC942}") = "KFSmithy", "KFPlugin\KFSmithy\KFSmithy.vcxproj", "{682C2AAC-5F23-4BB2-8D07-EBDB38EA37B8}"
EndProject
Project("{8BC9CEB8-8B4A-11D0-8D11-00A0C91BC942}") = "KFSignIn", "KFPlugin\KFSignIn\KFSignIn.vcxproj", "{A6417992-C5CF-42A8-98B9-D434921586F2}"
EndProject
Project("{8BC9CEB8-8B4A-11D0-8D11-00A0C91BC942}") = "KFBuild", "KFPlugin\KFBuild\KFBuild.vcxproj", "{1662FEBE-0F3C-4938-B5E9-603D2EF1BB0D}"
EndProject
Project("{8BC9CEB8-8B4A-11D0-8D11-00A0C91BC942}") = "KFDialogue", "KFPlugin\KFDialogue\KFDialogue.vcxproj", "{4298C77B-7FDE-4FA3-A644-2622CCA31A6E}"
EndProject
Project("{8BC9CEB8-8B4A-11D0-8D11-00A0C91BC942}") = "KFCamp", "KFPlugin\KFCamp\KFCamp.vcxproj", "{96A0894C-B651-485E-A00F-FFAE73E37D50}"
EndProject
Project("{8BC9CEB8-8B4A-11D0-8D11-00A0C91BC942}") = "KFTrain", "KFPlugin\KFTrain\KFTrain.vcxproj", "{04203974-41C7-4F9C-9D63-1890D862F63D}"
EndProject
Project("{8BC9CEB8-8B4A-11D0-8D11-00A0C91BC942}") = "KFTLog", "KFPlugin\KFTLog\KFTLog.vcxproj", "{7784DFC9-E376-4195-BA6E-C04D1B86EDB3}"
EndProject
Project("{2150E333-8FDC-42A3-9474-1A3956D46DE8}") = "KFProject", "KFProject", "{ACC6AC1B-A2EF-4D0E-A784-9F189B56D5F4}"
EndProject
Project("{8BC9CEB8-8B4A-11D0-8D11-00A0C91BC942}") = "KFReward", "KFPlugin\KFReward\KFReward.vcxproj", "{3F6BC740-4175-4A7A-8A65-AEDE632FBE0B}"
EndProject
Project("{8BC9CEB8-8B4A-11D0-8D11-00A0C91BC942}") = "KFRealm", "KFPlugin\KFRealm\KFRealm.vcxproj", "{DF015D52-0B86-4AEF-852C-DF57B281B364}"
EndProject
Project("{2150E333-8FDC-42A3-9474-1A3956D46DE8}") = "KFTask", "KFTask", "{C5767B27-65CF-46D6-AD7F-836533200227}"
EndProject
Project("{2150E333-8FDC-42A3-9474-1A3956D46DE8}") = "KFChapter", "KFChapter", "{4AFEC52B-3DD6-436C-8A5B-7E4571B8418E}"
EndProject
Project("{2150E333-8FDC-42A3-9474-1A3956D46DE8}") = "KFDialogue", "KFDialogue", "{0073D9AE-E536-4059-A9DC-FD90839C005F}"
EndProject
Project("{2150E333-8FDC-42A3-9474-1A3956D46DE8}") = "KFStory", "KFStory", "{C758D5DF-163C-48BF-94F6-F1F27983274C}"
EndProject
Project("{8BC9CEB8-8B4A-11D0-8D11-00A0C91BC942}") = "KFStory", "KFPlugin\KFStory\KFStory.vcxproj", "{04666A3B-7110-4193-B8E7-D20CC7107708}"
EndProject
Global
	GlobalSection(SolutionConfigurationPlatforms) = preSolution
		Debug|x64 = Debug|x64
		Debug|x86 = Debug|x86
		Release|x64 = Release|x64
		Release|x86 = Release|x86
	EndGlobalSection
	GlobalSection(ProjectConfigurationPlatforms) = postSolution
		{0F0E932C-DEEE-43FC-8A0E-CD7A58857D92}.Debug|x64.ActiveCfg = Debug|x64
		{0F0E932C-DEEE-43FC-8A0E-CD7A58857D92}.Debug|x64.Build.0 = Debug|x64
		{0F0E932C-DEEE-43FC-8A0E-CD7A58857D92}.Debug|x86.ActiveCfg = Debug|x64
		{0F0E932C-DEEE-43FC-8A0E-CD7A58857D92}.Release|x64.ActiveCfg = Release|x64
		{0F0E932C-DEEE-43FC-8A0E-CD7A58857D92}.Release|x64.Build.0 = Release|x64
		{0F0E932C-DEEE-43FC-8A0E-CD7A58857D92}.Release|x86.ActiveCfg = Release|x64
		{E05617F0-FAFA-43C6-8646-BC30E40CD761}.Debug|x64.ActiveCfg = Debug|x64
		{E05617F0-FAFA-43C6-8646-BC30E40CD761}.Debug|x64.Build.0 = Debug|x64
		{E05617F0-FAFA-43C6-8646-BC30E40CD761}.Debug|x86.ActiveCfg = Debug|x64
		{E05617F0-FAFA-43C6-8646-BC30E40CD761}.Release|x64.ActiveCfg = Release|x64
		{E05617F0-FAFA-43C6-8646-BC30E40CD761}.Release|x64.Build.0 = Release|x64
		{E05617F0-FAFA-43C6-8646-BC30E40CD761}.Release|x86.ActiveCfg = Release|x64
		{FC854FE6-6CD1-4BFC-B22F-D2A742FD971C}.Debug|x64.ActiveCfg = Debug|x64
		{FC854FE6-6CD1-4BFC-B22F-D2A742FD971C}.Debug|x64.Build.0 = Debug|x64
		{FC854FE6-6CD1-4BFC-B22F-D2A742FD971C}.Debug|x86.ActiveCfg = Debug|x64
		{FC854FE6-6CD1-4BFC-B22F-D2A742FD971C}.Release|x64.ActiveCfg = Release|x64
		{FC854FE6-6CD1-4BFC-B22F-D2A742FD971C}.Release|x64.Build.0 = Release|x64
		{FC854FE6-6CD1-4BFC-B22F-D2A742FD971C}.Release|x86.ActiveCfg = Release|x64
		{68295A3A-BDA3-4B84-BC14-74977AC113FA}.Debug|x64.ActiveCfg = Debug|x64
		{68295A3A-BDA3-4B84-BC14-74977AC113FA}.Debug|x64.Build.0 = Debug|x64
		{68295A3A-BDA3-4B84-BC14-74977AC113FA}.Debug|x86.ActiveCfg = Debug|x64
		{68295A3A-BDA3-4B84-BC14-74977AC113FA}.Release|x64.ActiveCfg = Release|x64
		{68295A3A-BDA3-4B84-BC14-74977AC113FA}.Release|x64.Build.0 = Release|x64
		{68295A3A-BDA3-4B84-BC14-74977AC113FA}.Release|x86.ActiveCfg = Release|x64
		{AFAB1443-A0C2-4D82-A89F-283BE46250D1}.Debug|x64.ActiveCfg = Debug|x64
		{AFAB1443-A0C2-4D82-A89F-283BE46250D1}.Debug|x64.Build.0 = Debug|x64
		{AFAB1443-A0C2-4D82-A89F-283BE46250D1}.Debug|x86.ActiveCfg = Debug|x64
		{AFAB1443-A0C2-4D82-A89F-283BE46250D1}.Release|x64.ActiveCfg = Release|x64
		{AFAB1443-A0C2-4D82-A89F-283BE46250D1}.Release|x64.Build.0 = Release|x64
		{AFAB1443-A0C2-4D82-A89F-283BE46250D1}.Release|x86.ActiveCfg = Release|x64
		{27798987-9582-48D2-A38C-250ED24378EC}.Debug|x64.ActiveCfg = Debug|x64
		{27798987-9582-48D2-A38C-250ED24378EC}.Debug|x64.Build.0 = Debug|x64
		{27798987-9582-48D2-A38C-250ED24378EC}.Debug|x86.ActiveCfg = Debug|x64
		{27798987-9582-48D2-A38C-250ED24378EC}.Release|x64.ActiveCfg = Release|x64
		{27798987-9582-48D2-A38C-250ED24378EC}.Release|x64.Build.0 = Release|x64
		{27798987-9582-48D2-A38C-250ED24378EC}.Release|x86.ActiveCfg = Release|x64
		{EA8AD812-7B38-480B-BED2-7F4BF9CDE286}.Debug|x64.ActiveCfg = Debug|x64
		{EA8AD812-7B38-480B-BED2-7F4BF9CDE286}.Debug|x64.Build.0 = Debug|x64
		{EA8AD812-7B38-480B-BED2-7F4BF9CDE286}.Debug|x86.ActiveCfg = Debug|x64
		{EA8AD812-7B38-480B-BED2-7F4BF9CDE286}.Release|x64.ActiveCfg = Release|x64
		{EA8AD812-7B38-480B-BED2-7F4BF9CDE286}.Release|x64.Build.0 = Release|x64
		{EA8AD812-7B38-480B-BED2-7F4BF9CDE286}.Release|x86.ActiveCfg = Release|x64
		{F45E974D-4858-4C72-AACD-E2FDEACC01C5}.Debug|x64.ActiveCfg = Debug|x64
		{F45E974D-4858-4C72-AACD-E2FDEACC01C5}.Debug|x64.Build.0 = Debug|x64
		{F45E974D-4858-4C72-AACD-E2FDEACC01C5}.Debug|x86.ActiveCfg = Debug|x64
		{F45E974D-4858-4C72-AACD-E2FDEACC01C5}.Release|x64.ActiveCfg = Release|x64
		{F45E974D-4858-4C72-AACD-E2FDEACC01C5}.Release|x64.Build.0 = Release|x64
		{F45E974D-4858-4C72-AACD-E2FDEACC01C5}.Release|x86.ActiveCfg = Release|x64
		{A730E86A-55F3-47FD-9378-7C795795DB85}.Debug|x64.ActiveCfg = Debug|x64
		{A730E86A-55F3-47FD-9378-7C795795DB85}.Debug|x64.Build.0 = Debug|x64
		{A730E86A-55F3-47FD-9378-7C795795DB85}.Debug|x86.ActiveCfg = Debug|x64
		{A730E86A-55F3-47FD-9378-7C795795DB85}.Release|x64.ActiveCfg = Release|x64
		{A730E86A-55F3-47FD-9378-7C795795DB85}.Release|x64.Build.0 = Release|x64
		{A730E86A-55F3-47FD-9378-7C795795DB85}.Release|x86.ActiveCfg = Release|x64
		{B94129B4-FBD7-45FF-BAB8-B9058D37B017}.Debug|x64.ActiveCfg = Debug|x64
		{B94129B4-FBD7-45FF-BAB8-B9058D37B017}.Debug|x64.Build.0 = Debug|x64
		{B94129B4-FBD7-45FF-BAB8-B9058D37B017}.Debug|x86.ActiveCfg = Debug|x64
		{B94129B4-FBD7-45FF-BAB8-B9058D37B017}.Release|x64.ActiveCfg = Release|x64
		{B94129B4-FBD7-45FF-BAB8-B9058D37B017}.Release|x64.Build.0 = Release|x64
		{B94129B4-FBD7-45FF-BAB8-B9058D37B017}.Release|x86.ActiveCfg = Release|x64
		{F8642493-0D58-48CA-BECD-36C6D74C6804}.Debug|x64.ActiveCfg = Debug|x64
		{F8642493-0D58-48CA-BECD-36C6D74C6804}.Debug|x64.Build.0 = Debug|x64
		{F8642493-0D58-48CA-BECD-36C6D74C6804}.Debug|x86.ActiveCfg = Debug|x64
		{F8642493-0D58-48CA-BECD-36C6D74C6804}.Release|x64.ActiveCfg = Release|x64
		{F8642493-0D58-48CA-BECD-36C6D74C6804}.Release|x64.Build.0 = Release|x64
		{F8642493-0D58-48CA-BECD-36C6D74C6804}.Release|x86.ActiveCfg = Release|x64
		{5C562191-78B6-4839-887B-D84EFD0D0C09}.Debug|x64.ActiveCfg = Debug|x64
		{5C562191-78B6-4839-887B-D84EFD0D0C09}.Debug|x64.Build.0 = Debug|x64
		{5C562191-78B6-4839-887B-D84EFD0D0C09}.Debug|x86.ActiveCfg = Debug|x64
		{5C562191-78B6-4839-887B-D84EFD0D0C09}.Release|x64.ActiveCfg = Release|x64
		{5C562191-78B6-4839-887B-D84EFD0D0C09}.Release|x64.Build.0 = Release|x64
		{5C562191-78B6-4839-887B-D84EFD0D0C09}.Release|x86.ActiveCfg = Release|x64
		{EB04B7C5-726C-4A31-BE23-8DCEB9948FC4}.Debug|x64.ActiveCfg = Debug|x64
		{EB04B7C5-726C-4A31-BE23-8DCEB9948FC4}.Debug|x64.Build.0 = Debug|x64
		{EB04B7C5-726C-4A31-BE23-8DCEB9948FC4}.Debug|x86.ActiveCfg = Debug|x64
		{EB04B7C5-726C-4A31-BE23-8DCEB9948FC4}.Release|x64.ActiveCfg = Release|x64
		{EB04B7C5-726C-4A31-BE23-8DCEB9948FC4}.Release|x64.Build.0 = Release|x64
		{EB04B7C5-726C-4A31-BE23-8DCEB9948FC4}.Release|x86.ActiveCfg = Release|x64
		{882AA78A-F288-4F6F-9F14-F5FF31684C60}.Debug|x64.ActiveCfg = Debug|x64
		{882AA78A-F288-4F6F-9F14-F5FF31684C60}.Debug|x64.Build.0 = Debug|x64
		{882AA78A-F288-4F6F-9F14-F5FF31684C60}.Debug|x86.ActiveCfg = Debug|x64
		{882AA78A-F288-4F6F-9F14-F5FF31684C60}.Release|x64.ActiveCfg = Release|x64
		{882AA78A-F288-4F6F-9F14-F5FF31684C60}.Release|x64.Build.0 = Release|x64
		{882AA78A-F288-4F6F-9F14-F5FF31684C60}.Release|x86.ActiveCfg = Release|x64
		{C782FA3D-9E2E-4EFC-B950-FDE25B4E7B61}.Debug|x64.ActiveCfg = Debug|x64
		{C782FA3D-9E2E-4EFC-B950-FDE25B4E7B61}.Debug|x64.Build.0 = Debug|x64
		{C782FA3D-9E2E-4EFC-B950-FDE25B4E7B61}.Debug|x86.ActiveCfg = Debug|x64
		{C782FA3D-9E2E-4EFC-B950-FDE25B4E7B61}.Release|x64.ActiveCfg = Release|x64
		{C782FA3D-9E2E-4EFC-B950-FDE25B4E7B61}.Release|x64.Build.0 = Release|x64
		{C782FA3D-9E2E-4EFC-B950-FDE25B4E7B61}.Release|x86.ActiveCfg = Release|x64
		{2CC0C2FE-0094-4C5E-BAE0-456BB95D8C34}.Debug|x64.ActiveCfg = Debug|x64
		{2CC0C2FE-0094-4C5E-BAE0-456BB95D8C34}.Debug|x64.Build.0 = Debug|x64
		{2CC0C2FE-0094-4C5E-BAE0-456BB95D8C34}.Debug|x86.ActiveCfg = Debug|x64
		{2CC0C2FE-0094-4C5E-BAE0-456BB95D8C34}.Release|x64.ActiveCfg = Release|x64
		{2CC0C2FE-0094-4C5E-BAE0-456BB95D8C34}.Release|x64.Build.0 = Release|x64
		{2CC0C2FE-0094-4C5E-BAE0-456BB95D8C34}.Release|x86.ActiveCfg = Release|x64
		{09A95B0B-192E-4D62-B10E-1381740339AA}.Debug|x64.ActiveCfg = Debug|x64
		{09A95B0B-192E-4D62-B10E-1381740339AA}.Debug|x64.Build.0 = Debug|x64
		{09A95B0B-192E-4D62-B10E-1381740339AA}.Debug|x86.ActiveCfg = Debug|x64
		{09A95B0B-192E-4D62-B10E-1381740339AA}.Release|x64.ActiveCfg = Release|x64
		{09A95B0B-192E-4D62-B10E-1381740339AA}.Release|x64.Build.0 = Release|x64
		{09A95B0B-192E-4D62-B10E-1381740339AA}.Release|x86.ActiveCfg = Release|x64
		{682C2AAC-5F23-4BB2-8D07-EBDB38EA37B8}.Debug|x64.ActiveCfg = Debug|x64
		{682C2AAC-5F23-4BB2-8D07-EBDB38EA37B8}.Debug|x64.Build.0 = Debug|x64
		{682C2AAC-5F23-4BB2-8D07-EBDB38EA37B8}.Debug|x86.ActiveCfg = Debug|x64
		{682C2AAC-5F23-4BB2-8D07-EBDB38EA37B8}.Release|x64.ActiveCfg = Release|x64
		{682C2AAC-5F23-4BB2-8D07-EBDB38EA37B8}.Release|x64.Build.0 = Release|x64
		{682C2AAC-5F23-4BB2-8D07-EBDB38EA37B8}.Release|x86.ActiveCfg = Release|x64
		{A6417992-C5CF-42A8-98B9-D434921586F2}.Debug|x64.ActiveCfg = Debug|x64
		{A6417992-C5CF-42A8-98B9-D434921586F2}.Debug|x64.Build.0 = Debug|x64
		{A6417992-C5CF-42A8-98B9-D434921586F2}.Debug|x86.ActiveCfg = Debug|x64
		{A6417992-C5CF-42A8-98B9-D434921586F2}.Release|x64.ActiveCfg = Release|x64
		{A6417992-C5CF-42A8-98B9-D434921586F2}.Release|x64.Build.0 = Release|x64
		{A6417992-C5CF-42A8-98B9-D434921586F2}.Release|x86.ActiveCfg = Release|x64
		{1662FEBE-0F3C-4938-B5E9-603D2EF1BB0D}.Debug|x64.ActiveCfg = Debug|x64
		{1662FEBE-0F3C-4938-B5E9-603D2EF1BB0D}.Debug|x64.Build.0 = Debug|x64
		{1662FEBE-0F3C-4938-B5E9-603D2EF1BB0D}.Debug|x86.ActiveCfg = Debug|x64
		{1662FEBE-0F3C-4938-B5E9-603D2EF1BB0D}.Release|x64.ActiveCfg = Release|x64
		{1662FEBE-0F3C-4938-B5E9-603D2EF1BB0D}.Release|x64.Build.0 = Release|x64
		{1662FEBE-0F3C-4938-B5E9-603D2EF1BB0D}.Release|x86.ActiveCfg = Release|x64
		{4298C77B-7FDE-4FA3-A644-2622CCA31A6E}.Debug|x64.ActiveCfg = Debug|x64
		{4298C77B-7FDE-4FA3-A644-2622CCA31A6E}.Debug|x64.Build.0 = Debug|x64
		{4298C77B-7FDE-4FA3-A644-2622CCA31A6E}.Debug|x86.ActiveCfg = Debug|x64
		{4298C77B-7FDE-4FA3-A644-2622CCA31A6E}.Release|x64.ActiveCfg = Release|x64
		{4298C77B-7FDE-4FA3-A644-2622CCA31A6E}.Release|x64.Build.0 = Release|x64
		{4298C77B-7FDE-4FA3-A644-2622CCA31A6E}.Release|x86.ActiveCfg = Release|x64
		{96A0894C-B651-485E-A00F-FFAE73E37D50}.Debug|x64.ActiveCfg = Debug|x64
		{96A0894C-B651-485E-A00F-FFAE73E37D50}.Debug|x64.Build.0 = Debug|x64
		{96A0894C-B651-485E-A00F-FFAE73E37D50}.Debug|x86.ActiveCfg = Debug|x64
		{96A0894C-B651-485E-A00F-FFAE73E37D50}.Release|x64.ActiveCfg = Release|x64
		{96A0894C-B651-485E-A00F-FFAE73E37D50}.Release|x64.Build.0 = Release|x64
		{96A0894C-B651-485E-A00F-FFAE73E37D50}.Release|x86.ActiveCfg = Release|x64
		{04203974-41C7-4F9C-9D63-1890D862F63D}.Debug|x64.ActiveCfg = Debug|x64
		{04203974-41C7-4F9C-9D63-1890D862F63D}.Debug|x64.Build.0 = Debug|x64
		{04203974-41C7-4F9C-9D63-1890D862F63D}.Debug|x86.ActiveCfg = Debug|x64
		{04203974-41C7-4F9C-9D63-1890D862F63D}.Release|x64.ActiveCfg = Release|x64
		{04203974-41C7-4F9C-9D63-1890D862F63D}.Release|x64.Build.0 = Release|x64
		{04203974-41C7-4F9C-9D63-1890D862F63D}.Release|x86.ActiveCfg = Release|x64
		{7784DFC9-E376-4195-BA6E-C04D1B86EDB3}.Debug|x64.ActiveCfg = Debug|x64
		{7784DFC9-E376-4195-BA6E-C04D1B86EDB3}.Debug|x64.Build.0 = Debug|x64
		{7784DFC9-E376-4195-BA6E-C04D1B86EDB3}.Debug|x86.ActiveCfg = Debug|x64
		{7784DFC9-E376-4195-BA6E-C04D1B86EDB3}.Release|x64.ActiveCfg = Release|x64
		{7784DFC9-E376-4195-BA6E-C04D1B86EDB3}.Release|x64.Build.0 = Release|x64
		{7784DFC9-E376-4195-BA6E-C04D1B86EDB3}.Release|x86.ActiveCfg = Release|x64
		{3F6BC740-4175-4A7A-8A65-AEDE632FBE0B}.Debug|x64.ActiveCfg = Debug|x64
		{3F6BC740-4175-4A7A-8A65-AEDE632FBE0B}.Debug|x64.Build.0 = Debug|x64
		{3F6BC740-4175-4A7A-8A65-AEDE632FBE0B}.Debug|x86.ActiveCfg = Debug|x64
		{3F6BC740-4175-4A7A-8A65-AEDE632FBE0B}.Release|x64.ActiveCfg = Release|x64
		{3F6BC740-4175-4A7A-8A65-AEDE632FBE0B}.Release|x64.Build.0 = Release|x64
		{3F6BC740-4175-4A7A-8A65-AEDE632FBE0B}.Release|x86.ActiveCfg = Release|x64
		{DF015D52-0B86-4AEF-852C-DF57B281B364}.Debug|x64.ActiveCfg = Debug|x64
		{DF015D52-0B86-4AEF-852C-DF57B281B364}.Debug|x64.Build.0 = Debug|x64
		{DF015D52-0B86-4AEF-852C-DF57B281B364}.Debug|x86.ActiveCfg = Debug|x64
		{DF015D52-0B86-4AEF-852C-DF57B281B364}.Release|x64.ActiveCfg = Release|x64
		{DF015D52-0B86-4AEF-852C-DF57B281B364}.Release|x64.Build.0 = Release|x64
		{DF015D52-0B86-4AEF-852C-DF57B281B364}.Release|x86.ActiveCfg = Release|x64
		{04666A3B-7110-4193-B8E7-D20CC7107708}.Debug|x64.ActiveCfg = Debug|x64
		{04666A3B-7110-4193-B8E7-D20CC7107708}.Debug|x64.Build.0 = Debug|x64
		{04666A3B-7110-4193-B8E7-D20CC7107708}.Debug|x86.ActiveCfg = Debug|x64
		{04666A3B-7110-4193-B8E7-D20CC7107708}.Release|x64.ActiveCfg = Release|x64
		{04666A3B-7110-4193-B8E7-D20CC7107708}.Release|x64.Build.0 = Release|x64
		{04666A3B-7110-4193-B8E7-D20CC7107708}.Release|x86.ActiveCfg = Release|x64
	EndGlobalSection
	GlobalSection(SolutionProperties) = preSolution
		HideSolutionNode = FALSE
	EndGlobalSection
	GlobalSection(NestedProjects) = preSolution
		{D087F76E-E4AE-48E3-A57D-718F5E59B4C0} = {1D179A75-BB71-4548-95D7-D5FF5A9C3AD9}
		{687B1417-5063-43F8-B4D1-6E8C66531121} = {1D179A75-BB71-4548-95D7-D5FF5A9C3AD9}
		{0F0E932C-DEEE-43FC-8A0E-CD7A58857D92} = {369F076C-A3FF-43A9-88FA-836EEE83512E}
		{E05617F0-FAFA-43C6-8646-BC30E40CD761} = {687B1417-5063-43F8-B4D1-6E8C66531121}
		{FC854FE6-6CD1-4BFC-B22F-D2A742FD971C} = {687B1417-5063-43F8-B4D1-6E8C66531121}
		{68295A3A-BDA3-4B84-BC14-74977AC113FA} = {687B1417-5063-43F8-B4D1-6E8C66531121}
		{AFAB1443-A0C2-4D82-A89F-283BE46250D1} = {687B1417-5063-43F8-B4D1-6E8C66531121}
		{27798987-9582-48D2-A38C-250ED24378EC} = {540E6D3C-EA49-42E8-94BB-DA4BDA96FB03}
		{369F076C-A3FF-43A9-88FA-836EEE83512E} = {1D179A75-BB71-4548-95D7-D5FF5A9C3AD9}
		{EA8AD812-7B38-480B-BED2-7F4BF9CDE286} = {D7F1C532-4991-4C48-9F02-43A50CB485F9}
		{F45E974D-4858-4C72-AACD-E2FDEACC01C5} = {69DECD69-D297-477B-95D8-65F981CC0157}
		{A730E86A-55F3-47FD-9378-7C795795DB85} = {369F076C-A3FF-43A9-88FA-836EEE83512E}
		{540E6D3C-EA49-42E8-94BB-DA4BDA96FB03} = {1D179A75-BB71-4548-95D7-D5FF5A9C3AD9}
		{B94129B4-FBD7-45FF-BAB8-B9058D37B017} = {D7F1C532-4991-4C48-9F02-43A50CB485F9}
		{709A66F3-D2B6-4361-9542-14919C2F5CFF} = {1D179A75-BB71-4548-95D7-D5FF5A9C3AD9}
		{D0A98A1A-59B1-48F1-9C77-C3B5BEE8A68B} = {1D179A75-BB71-4548-95D7-D5FF5A9C3AD9}
		{D7F1C532-4991-4C48-9F02-43A50CB485F9} = {1D179A75-BB71-4548-95D7-D5FF5A9C3AD9}
		{F8642493-0D58-48CA-BECD-36C6D74C6804} = {4AFEC52B-3DD6-436C-8A5B-7E4571B8418E}
		{5C562191-78B6-4839-887B-D84EFD0D0C09} = {D0A98A1A-59B1-48F1-9C77-C3B5BEE8A68B}
		{EB04B7C5-726C-4A31-BE23-8DCEB9948FC4} = {D0A98A1A-59B1-48F1-9C77-C3B5BEE8A68B}
		{882AA78A-F288-4F6F-9F14-F5FF31684C60} = {D7F1C532-4991-4C48-9F02-43A50CB485F9}
		{C782FA3D-9E2E-4EFC-B950-FDE25B4E7B61} = {D7F1C532-4991-4C48-9F02-43A50CB485F9}
		{2CC0C2FE-0094-4C5E-BAE0-456BB95D8C34} = {D087F76E-E4AE-48E3-A57D-718F5E59B4C0}
		{09A95B0B-192E-4D62-B10E-1381740339AA} = {C5767B27-65CF-46D6-AD7F-836533200227}
		{682C2AAC-5F23-4BB2-8D07-EBDB38EA37B8} = {D7F1C532-4991-4C48-9F02-43A50CB485F9}
		{A6417992-C5CF-42A8-98B9-D434921586F2} = {D087F76E-E4AE-48E3-A57D-718F5E59B4C0}
		{1662FEBE-0F3C-4938-B5E9-603D2EF1BB0D} = {D7F1C532-4991-4C48-9F02-43A50CB485F9}
		{4298C77B-7FDE-4FA3-A644-2622CCA31A6E} = {0073D9AE-E536-4059-A9DC-FD90839C005F}
		{96A0894C-B651-485E-A00F-FFAE73E37D50} = {D7F1C532-4991-4C48-9F02-43A50CB485F9}
		{04203974-41C7-4F9C-9D63-1890D862F63D} = {D7F1C532-4991-4C48-9F02-43A50CB485F9}
		{7784DFC9-E376-4195-BA6E-C04D1B86EDB3} = {ACC6AC1B-A2EF-4D0E-A784-9F189B56D5F4}
		{ACC6AC1B-A2EF-4D0E-A784-9F189B56D5F4} = {1D179A75-BB71-4548-95D7-D5FF5A9C3AD9}
		{3F6BC740-4175-4A7A-8A65-AEDE632FBE0B} = {ACC6AC1B-A2EF-4D0E-A784-9F189B56D5F4}
		{DF015D52-0B86-4AEF-852C-DF57B281B364} = {709A66F3-D2B6-4361-9542-14919C2F5CFF}
		{C5767B27-65CF-46D6-AD7F-836533200227} = {1D179A75-BB71-4548-95D7-D5FF5A9C3AD9}
		{4AFEC52B-3DD6-436C-8A5B-7E4571B8418E} = {1D179A75-BB71-4548-95D7-D5FF5A9C3AD9}
		{0073D9AE-E536-4059-A9DC-FD90839C005F} = {1D179A75-BB71-4548-95D7-D5FF5A9C3AD9}
		{C758D5DF-163C-48BF-94F6-F1F27983274C} = {1D179A75-BB71-4548-95D7-D5FF5A9C3AD9}
		{04666A3B-7110-4193-B8E7-D20CC7107708} = {C758D5DF-163C-48BF-94F6-F1F27983274C}
	EndGlobalSection
	GlobalSection(ExtensibilityGlobals) = postSolution
		SolutionGuid = {0F58A6B8-C040-4A92-9898-1E6968E55CF1}
		Qt5Version = msvc2015_86
	EndGlobalSection
EndGlobal
