<?xml version="1.0" encoding="utf-8"?>
<Project ToolsVersion="4.0" xmlns="http://schemas.microsoft.com/developer/msbuild/2003">
  <ItemGroup>
    <ClCompile Include="dllmain.cpp" />
    <ClCompile Include="KFRecruitModule.cpp" />
    <ClCompile Include="KFRecruitPlugin.cpp" />
    <ClCompile Include="KFRecruitConfig.cpp" />
  </ItemGroup>
  <ItemGroup>
    <ClInclude Include="KFRecruitInterface.h" />
    <ClInclude Include="KFRecruitModule.hpp" />
    <ClInclude Include="KFRecruitPlugin.hpp" />
    <ClInclude Include="KFRecruitConfig.hpp" />
  </ItemGroup>
</Project>